
Microsoft Visual Studio Solution File, Format Version 12.00
# Visual Studio Version 17
VisualStudioVersion = 17.12.35527.113 d17.12
MinimumVisualStudioVersion = 10.0.40219.1
Project("{FAE04EC0-301F-11D3-BF4B-00C04F79EFBC}") = "GreenMarket.Web", "GreenMarket.Web\GreenMarket.Web.csproj", "{2001F101-46FB-48FD-B4FD-20AA465ACB25}"
EndProject
Project("{FAE04EC0-301F-11D3-BF4B-00C04F79EFBC}") = "GreenMarket.Application", "GreenMarket.Application\GreenMarket.Application.csproj", "{2C93590B-57AF-464B-B552-22F9BF836D04}"
EndProject
Project("{FAE04EC0-301F-11D3-BF4B-00C04F79EFBC}") = "GreenMarket.Domain", "GreenMarket.Domain\GreenMarket.Domain.csproj", "{64390146-9285-4957-BCAC-01F7629D289C}"
EndProject
Project("{FAE04EC0-301F-11D3-BF4B-00C04F79EFBC}") = "GreenMarket.Infrastructure", "GreenMarket.Infrastructure\GreenMarket.Infrastructure.csproj", "{882BB17C-4F9A-4DD9-BC2E-FCAFD6F555C9}"
EndProject
Global
	GlobalSection(SolutionConfigurationPlatforms) = preSolution
		Debug|Any CPU = Debug|Any CPU
		Release|Any CPU = Release|Any CPU
	EndGlobalSection
	GlobalSection(ProjectConfigurationPlatforms) = postSolution
		{2001F101-46FB-48FD-B4FD-20AA465ACB25}.Debug|Any CPU.ActiveCfg = Debug|Any CPU
		{2001F101-46FB-48FD-B4FD-20AA465ACB25}.Debug|Any CPU.Build.0 = Debug|Any CPU
		{2001F101-46FB-48FD-B4FD-20AA465ACB25}.Release|Any CPU.ActiveCfg = Release|Any CPU
		{2001F101-46FB-48FD-B4FD-20AA465ACB25}.Release|Any CPU.Build.0 = Release|Any CPU
		{2C93590B-57AF-464B-B552-22F9BF836D04}.Debug|Any CPU.ActiveCfg = Debug|Any CPU
		{2C93590B-57AF-464B-B552-22F9BF836D04}.Debug|Any CPU.Build.0 = Debug|Any CPU
		{2C93590B-57AF-464B-B552-22F9BF836D04}.Release|Any CPU.ActiveCfg = Release|Any CPU
		{2C93590B-57AF-464B-B552-22F9BF836D04}.Release|Any CPU.Build.0 = Release|Any CPU
		{64390146-9285-4957-BCAC-01F7629D289C}.Debug|Any CPU.ActiveCfg = Debug|Any CPU
		{64390146-9285-4957-BCAC-01F7629D289C}.Debug|Any CPU.Build.0 = Debug|Any CPU
		{64390146-9285-4957-BCAC-01F7629D289C}.Release|Any CPU.ActiveCfg = Release|Any CPU
		{64390146-9285-4957-BCAC-01F7629D289C}.Release|Any CPU.Build.0 = Release|Any CPU
		{882BB17C-4F9A-4DD9-BC2E-FCAFD6F555C9}.Debug|Any CPU.ActiveCfg = Debug|Any CPU
		{882BB17C-4F9A-4DD9-BC2E-FCAFD6F555C9}.Debug|Any CPU.Build.0 = Debug|Any CPU
		{882BB17C-4F9A-4DD9-BC2E-FCAFD6F555C9}.Release|Any CPU.ActiveCfg = Release|Any CPU
		{882BB17C-4F9A-4DD9-BC2E-FCAFD6F555C9}.Release|Any CPU.Build.0 = Release|Any CPU
	EndGlobalSection
	GlobalSection(SolutionProperties) = preSolution
		HideSolutionNode = FALSE
	EndGlobalSection
EndGlobal
